// !$*UTF8*$!
{
	archiveVersion = 1;
	classes = {
	};
	objectVersion = 56;
	objects = {

/* Begin PBXBuildFile section */
		8328D0CD2B0A215C0076009A /* AudioListView.swift in Sources */ = {isa = PBXBuildFile; fileRef = 8328D0CC2B0A215C0076009A /* AudioListView.swift */; };
		8328D0D02B0A217E0076009A /* AudioListViewModelMock.swift in Sources */ = {isa = PBXBuildFile; fileRef = 8328D0CF2B0A217E0076009A /* AudioListViewModelMock.swift */; };
		8328D0D22B0A25A60076009A /* AudioListRow.swift in Sources */ = {isa = PBXBuildFile; fileRef = 8328D0D12B0A25A60076009A /* AudioListRow.swift */; };
		8328D0D52B0A26A80076009A /* AudioListViewModel.swift in Sources */ = {isa = PBXBuildFile; fileRef = 8328D0D42B0A26A80076009A /* AudioListViewModel.swift */; };
		8328D0D82B0A30C80076009A /* DateFormatter+.swift in Sources */ = {isa = PBXBuildFile; fileRef = 8328D0D72B0A30C80076009A /* DateFormatter+.swift */; };
		835F86762B08BD3900744A06 /* RecordView.swift in Sources */ = {isa = PBXBuildFile; fileRef = 835F86752B08BD3900744A06 /* RecordView.swift */; };
		835F86782B08C13900744A06 /* RecordStatusView.swift in Sources */ = {isa = PBXBuildFile; fileRef = 835F86772B08C13900744A06 /* RecordStatusView.swift */; };
		835F867B2B08C16700744A06 /* RecordButtonView.swift in Sources */ = {isa = PBXBuildFile; fileRef = 835F867A2B08C16700744A06 /* RecordButtonView.swift */; };
		835F86812B08C4A200744A06 /* Audio.swift in Sources */ = {isa = PBXBuildFile; fileRef = 835F86802B08C4A200744A06 /* Audio.swift */; };
		835F86882B0A12C100744A06 /* PWRecordKit.xcframework in Frameworks */ = {isa = PBXBuildFile; fileRef = 835F86832B0A0FA700744A06 /* PWRecordKit.xcframework */; };
		835F86892B0A12C100744A06 /* PWRecordKit.xcframework in Embed Frameworks */ = {isa = PBXBuildFile; fileRef = 835F86832B0A0FA700744A06 /* PWRecordKit.xcframework */; settings = {ATTRIBUTES = (CodeSignOnCopy, RemoveHeadersOnCopy, ); }; };
		835F868D2B0A171E00744A06 /* RecordViewModel.swift in Sources */ = {isa = PBXBuildFile; fileRef = 835F868C2B0A171E00744A06 /* RecordViewModel.swift */; };
		835F86912B0A1FBD00744A06 /* RecordViewModelMock.swift in Sources */ = {isa = PBXBuildFile; fileRef = 835F86902B0A1FBD00744A06 /* RecordViewModelMock.swift */; };
		83E05D492ACEDD1E00B60A98 /* TranscordApp.swift in Sources */ = {isa = PBXBuildFile; fileRef = 83E05D482ACEDD1E00B60A98 /* TranscordApp.swift */; };
		83E05D4B2ACEDD1E00B60A98 /* ContentView.swift in Sources */ = {isa = PBXBuildFile; fileRef = 83E05D4A2ACEDD1E00B60A98 /* ContentView.swift */; };
		83E05D4D2ACEDD1E00B60A98 /* Assets.xcassets in Resources */ = {isa = PBXBuildFile; fileRef = 83E05D4C2ACEDD1E00B60A98 /* Assets.xcassets */; };
		83E05D502ACEDD1E00B60A98 /* Preview Assets.xcassets in Resources */ = {isa = PBXBuildFile; fileRef = 83E05D4F2ACEDD1E00B60A98 /* Preview Assets.xcassets */; };
		83E05D5A2ACEDD1E00B60A98 /* TranscordTests.swift in Sources */ = {isa = PBXBuildFile; fileRef = 83E05D592ACEDD1E00B60A98 /* TranscordTests.swift */; };
		83E05D642ACEDD1F00B60A98 /* TranscordUITests.swift in Sources */ = {isa = PBXBuildFile; fileRef = 83E05D632ACEDD1F00B60A98 /* TranscordUITests.swift */; };
		83E05D662ACEDD1F00B60A98 /* TranscordUITestsLaunchTests.swift in Sources */ = {isa = PBXBuildFile; fileRef = 83E05D652ACEDD1F00B60A98 /* TranscordUITestsLaunchTests.swift */; };
		CF5FBEA82B1DA9DC00B501A6 /* AudioDetailView.swift in Sources */ = {isa = PBXBuildFile; fileRef = CF5FBEA72B1DA9DC00B501A6 /* AudioDetailView.swift */; };
		CF5FBEAA2B1DADB600B501A6 /* AudioProgressbar.swift in Sources */ = {isa = PBXBuildFile; fileRef = CF5FBEA92B1DADB600B501A6 /* AudioProgressbar.swift */; };
		CF5FBEAC2B1DDDCB00B501A6 /* AudioButton.swift in Sources */ = {isa = PBXBuildFile; fileRef = CF5FBEAB2B1DDDCB00B501A6 /* AudioButton.swift */; };
		CFE814AB2B21AEE90064041A /* ScriptListView.swift in Sources */ = {isa = PBXBuildFile; fileRef = CFE814AA2B21AEE90064041A /* ScriptListView.swift */; };
		CFE814AE2B21AF700064041A /* SummaryListView.swift in Sources */ = {isa = PBXBuildFile; fileRef = CFE814AD2B21AF700064041A /* SummaryListView.swift */; };
		CFE814B02B21B01E0064041A /* ScriptDetailView.swift in Sources */ = {isa = PBXBuildFile; fileRef = CFE814AF2B21B01E0064041A /* ScriptDetailView.swift */; };
		CFE814B22B21B0650064041A /* ScriptListRow.swift in Sources */ = {isa = PBXBuildFile; fileRef = CFE814B12B21B0650064041A /* ScriptListRow.swift */; };
		CFE814B42B21B08A0064041A /* SummaryListRow.swift in Sources */ = {isa = PBXBuildFile; fileRef = CFE814B32B21B08A0064041A /* SummaryListRow.swift */; };
		CFE814B62B21B09F0064041A /* SummaryDetailView.swift in Sources */ = {isa = PBXBuildFile; fileRef = CFE814B52B21B09F0064041A /* SummaryDetailView.swift */; };
		CFE814BA2B21B16D0064041A /* ScriptListViewModel.swift in Sources */ = {isa = PBXBuildFile; fileRef = CFE814B92B21B16D0064041A /* ScriptListViewModel.swift */; };
		CFE814BC2B21B20A0064041A /* Script.swift in Sources */ = {isa = PBXBuildFile; fileRef = CFE814BB2B21B20A0064041A /* Script.swift */; };
		CFE814BE2B21B2140064041A /* Summary.swift in Sources */ = {isa = PBXBuildFile; fileRef = CFE814BD2B21B2140064041A /* Summary.swift */; };
		CFE814C02B21B2670064041A /* SummaryListViewModel.swift in Sources */ = {isa = PBXBuildFile; fileRef = CFE814BF2B21B2670064041A /* SummaryListViewModel.swift */; };
		CFE814C22B21B35B0064041A /* ScriptListViewModelMock.swift in Sources */ = {isa = PBXBuildFile; fileRef = CFE814C12B21B35B0064041A /* ScriptListViewModelMock.swift */; };
		CFE814C42B21B3660064041A /* SummaryListViewModelMock.swift in Sources */ = {isa = PBXBuildFile; fileRef = CFE814C32B21B3660064041A /* SummaryListViewModelMock.swift */; };
/* End PBXBuildFile section */

/* Begin PBXContainerItemProxy section */
		83E05D562ACEDD1E00B60A98 /* PBXContainerItemProxy */ = {
			isa = PBXContainerItemProxy;
			containerPortal = 83E05D3D2ACEDD1E00B60A98 /* Project object */;
			proxyType = 1;
			remoteGlobalIDString = 83E05D442ACEDD1E00B60A98;
			remoteInfo = Transcord;
		};
		83E05D602ACEDD1F00B60A98 /* PBXContainerItemProxy */ = {
			isa = PBXContainerItemProxy;
			containerPortal = 83E05D3D2ACEDD1E00B60A98 /* Project object */;
			proxyType = 1;
			remoteGlobalIDString = 83E05D442ACEDD1E00B60A98;
			remoteInfo = Transcord;
		};
/* End PBXContainerItemProxy section */

/* Begin PBXCopyFilesBuildPhase section */
		835F868A2B0A12C100744A06 /* Embed Frameworks */ = {
			isa = PBXCopyFilesBuildPhase;
			buildActionMask = 2147483647;
			dstPath = "";
			dstSubfolderSpec = 10;
			files = (
				835F86892B0A12C100744A06 /* PWRecordKit.xcframework in Embed Frameworks */,
			);
			name = "Embed Frameworks";
			runOnlyForDeploymentPostprocessing = 0;
		};
/* End PBXCopyFilesBuildPhase section */

/* Begin PBXFileReference section */
		8328D0CC2B0A215C0076009A /* AudioListView.swift */ = {isa = PBXFileReference; lastKnownFileType = sourcecode.swift; path = AudioListView.swift; sourceTree = "<group>"; };
		8328D0CF2B0A217E0076009A /* AudioListViewModelMock.swift */ = {isa = PBXFileReference; lastKnownFileType = sourcecode.swift; path = AudioListViewModelMock.swift; sourceTree = "<group>"; };
		8328D0D12B0A25A60076009A /* AudioListRow.swift */ = {isa = PBXFileReference; lastKnownFileType = sourcecode.swift; path = AudioListRow.swift; sourceTree = "<group>"; };
		8328D0D42B0A26A80076009A /* AudioListViewModel.swift */ = {isa = PBXFileReference; lastKnownFileType = sourcecode.swift; path = AudioListViewModel.swift; sourceTree = "<group>"; };
		8328D0D72B0A30C80076009A /* DateFormatter+.swift */ = {isa = PBXFileReference; lastKnownFileType = sourcecode.swift; path = "DateFormatter+.swift"; sourceTree = "<group>"; };
		835F86752B08BD3900744A06 /* RecordView.swift */ = {isa = PBXFileReference; lastKnownFileType = sourcecode.swift; path = RecordView.swift; sourceTree = "<group>"; };
		835F86772B08C13900744A06 /* RecordStatusView.swift */ = {isa = PBXFileReference; lastKnownFileType = sourcecode.swift; path = RecordStatusView.swift; sourceTree = "<group>"; };
		835F867A2B08C16700744A06 /* RecordButtonView.swift */ = {isa = PBXFileReference; lastKnownFileType = sourcecode.swift; path = RecordButtonView.swift; sourceTree = "<group>"; };
		835F86802B08C4A200744A06 /* Audio.swift */ = {isa = PBXFileReference; lastKnownFileType = sourcecode.swift; path = Audio.swift; sourceTree = "<group>"; };
		835F86832B0A0FA700744A06 /* PWRecordKit.xcframework */ = {isa = PBXFileReference; lastKnownFileType = wrapper.xcframework; name = PWRecordKit.xcframework; path = "../../swift-framework/PWRecordKit/build/PWRecordKit.xcframework"; sourceTree = "<group>"; };
		835F868C2B0A171E00744A06 /* RecordViewModel.swift */ = {isa = PBXFileReference; lastKnownFileType = sourcecode.swift; path = RecordViewModel.swift; sourceTree = "<group>"; };
		835F86902B0A1FBD00744A06 /* RecordViewModelMock.swift */ = {isa = PBXFileReference; lastKnownFileType = sourcecode.swift; path = RecordViewModelMock.swift; sourceTree = "<group>"; };
		83E05D452ACEDD1E00B60A98 /* Transcord.app */ = {isa = PBXFileReference; explicitFileType = wrapper.application; includeInIndex = 0; path = Transcord.app; sourceTree = BUILT_PRODUCTS_DIR; };
		83E05D482ACEDD1E00B60A98 /* TranscordApp.swift */ = {isa = PBXFileReference; lastKnownFileType = sourcecode.swift; path = TranscordApp.swift; sourceTree = "<group>"; };
		83E05D4A2ACEDD1E00B60A98 /* ContentView.swift */ = {isa = PBXFileReference; lastKnownFileType = sourcecode.swift; path = ContentView.swift; sourceTree = "<group>"; };
		83E05D4C2ACEDD1E00B60A98 /* Assets.xcassets */ = {isa = PBXFileReference; lastKnownFileType = folder.assetcatalog; path = Assets.xcassets; sourceTree = "<group>"; };
		83E05D4F2ACEDD1E00B60A98 /* Preview Assets.xcassets */ = {isa = PBXFileReference; lastKnownFileType = folder.assetcatalog; path = "Preview Assets.xcassets"; sourceTree = "<group>"; };
		83E05D552ACEDD1E00B60A98 /* TranscordTests.xctest */ = {isa = PBXFileReference; explicitFileType = wrapper.cfbundle; includeInIndex = 0; path = TranscordTests.xctest; sourceTree = BUILT_PRODUCTS_DIR; };
		83E05D592ACEDD1E00B60A98 /* TranscordTests.swift */ = {isa = PBXFileReference; lastKnownFileType = sourcecode.swift; path = TranscordTests.swift; sourceTree = "<group>"; };
		83E05D5F2ACEDD1F00B60A98 /* TranscordUITests.xctest */ = {isa = PBXFileReference; explicitFileType = wrapper.cfbundle; includeInIndex = 0; path = TranscordUITests.xctest; sourceTree = BUILT_PRODUCTS_DIR; };
		83E05D632ACEDD1F00B60A98 /* TranscordUITests.swift */ = {isa = PBXFileReference; lastKnownFileType = sourcecode.swift; path = TranscordUITests.swift; sourceTree = "<group>"; };
		83E05D652ACEDD1F00B60A98 /* TranscordUITestsLaunchTests.swift */ = {isa = PBXFileReference; lastKnownFileType = sourcecode.swift; path = TranscordUITestsLaunchTests.swift; sourceTree = "<group>"; };
		CF5FBEA72B1DA9DC00B501A6 /* AudioDetailView.swift */ = {isa = PBXFileReference; lastKnownFileType = sourcecode.swift; path = AudioDetailView.swift; sourceTree = "<group>"; };
		CF5FBEA92B1DADB600B501A6 /* AudioProgressbar.swift */ = {isa = PBXFileReference; lastKnownFileType = sourcecode.swift; path = AudioProgressbar.swift; sourceTree = "<group>"; };
		CF5FBEAB2B1DDDCB00B501A6 /* AudioButton.swift */ = {isa = PBXFileReference; lastKnownFileType = sourcecode.swift; path = AudioButton.swift; sourceTree = "<group>"; };
		CFE814AA2B21AEE90064041A /* ScriptListView.swift */ = {isa = PBXFileReference; lastKnownFileType = sourcecode.swift; path = ScriptListView.swift; sourceTree = "<group>"; };
		CFE814AD2B21AF700064041A /* SummaryListView.swift */ = {isa = PBXFileReference; lastKnownFileType = sourcecode.swift; path = SummaryListView.swift; sourceTree = "<group>"; };
		CFE814AF2B21B01E0064041A /* ScriptDetailView.swift */ = {isa = PBXFileReference; lastKnownFileType = sourcecode.swift; path = ScriptDetailView.swift; sourceTree = "<group>"; };
		CFE814B12B21B0650064041A /* ScriptListRow.swift */ = {isa = PBXFileReference; lastKnownFileType = sourcecode.swift; path = ScriptListRow.swift; sourceTree = "<group>"; };
		CFE814B32B21B08A0064041A /* SummaryListRow.swift */ = {isa = PBXFileReference; lastKnownFileType = sourcecode.swift; path = SummaryListRow.swift; sourceTree = "<group>"; };
		CFE814B52B21B09F0064041A /* SummaryDetailView.swift */ = {isa = PBXFileReference; lastKnownFileType = sourcecode.swift; path = SummaryDetailView.swift; sourceTree = "<group>"; };
		CFE814B92B21B16D0064041A /* ScriptListViewModel.swift */ = {isa = PBXFileReference; lastKnownFileType = sourcecode.swift; path = ScriptListViewModel.swift; sourceTree = "<group>"; };
		CFE814BB2B21B20A0064041A /* Script.swift */ = {isa = PBXFileReference; lastKnownFileType = sourcecode.swift; path = Script.swift; sourceTree = "<group>"; };
		CFE814BD2B21B2140064041A /* Summary.swift */ = {isa = PBXFileReference; lastKnownFileType = sourcecode.swift; path = Summary.swift; sourceTree = "<group>"; };
		CFE814BF2B21B2670064041A /* SummaryListViewModel.swift */ = {isa = PBXFileReference; lastKnownFileType = sourcecode.swift; path = SummaryListViewModel.swift; sourceTree = "<group>"; };
		CFE814C12B21B35B0064041A /* ScriptListViewModelMock.swift */ = {isa = PBXFileReference; lastKnownFileType = sourcecode.swift; path = ScriptListViewModelMock.swift; sourceTree = "<group>"; };
		CFE814C32B21B3660064041A /* SummaryListViewModelMock.swift */ = {isa = PBXFileReference; lastKnownFileType = sourcecode.swift; path = SummaryListViewModelMock.swift; sourceTree = "<group>"; };
/* End PBXFileReference section */

/* Begin PBXFrameworksBuildPhase section */
		83E05D422ACEDD1E00B60A98 /* Frameworks */ = {
			isa = PBXFrameworksBuildPhase;
			buildActionMask = 2147483647;
			files = (
				835F86882B0A12C100744A06 /* PWRecordKit.xcframework in Frameworks */,
			);
			runOnlyForDeploymentPostprocessing = 0;
		};
		83E05D522ACEDD1E00B60A98 /* Frameworks */ = {
			isa = PBXFrameworksBuildPhase;
			buildActionMask = 2147483647;
			files = (
			);
			runOnlyForDeploymentPostprocessing = 0;
		};
		83E05D5C2ACEDD1F00B60A98 /* Frameworks */ = {
			isa = PBXFrameworksBuildPhase;
			buildActionMask = 2147483647;
			files = (
			);
			runOnlyForDeploymentPostprocessing = 0;
		};
/* End PBXFrameworksBuildPhase section */

/* Begin PBXGroup section */
		8328D0CE2B0A216E0076009A /* Mocks */ = {
			isa = PBXGroup;
			children = (
				835F86902B0A1FBD00744A06 /* RecordViewModelMock.swift */,
				8328D0CF2B0A217E0076009A /* AudioListViewModelMock.swift */,
				CFE814C12B21B35B0064041A /* ScriptListViewModelMock.swift */,
				CFE814C32B21B3660064041A /* SummaryListViewModelMock.swift */,
			);
			path = Mocks;
			sourceTree = "<group>";
		};
		8328D0D32B0A269A0076009A /* AudioListViewModel */ = {
			isa = PBXGroup;
			children = (
				8328D0D42B0A26A80076009A /* AudioListViewModel.swift */,
			);
			path = AudioListViewModel;
			sourceTree = "<group>";
		};
		8328D0D62B0A30BB0076009A /* Utils */ = {
			isa = PBXGroup;
			children = (
				8328D0D72B0A30C80076009A /* DateFormatter+.swift */,
			);
			path = Utils;
			sourceTree = "<group>";
		};
		835F86732B08BD2A00744A06 /* View */ = {
			isa = PBXGroup;
			children = (
				83E05D4A2ACEDD1E00B60A98 /* ContentView.swift */,
				835F86742B08BD2E00744A06 /* RecordView */,
				835F867C2B08C3C200744A06 /* AudioListView */,
				CFE814A92B21AEAF0064041A /* ScriptListView */,
				CFE814AC2B21AF4B0064041A /* SummaryListView */,
			);
			path = View;
			sourceTree = "<group>";
		};
		835F86742B08BD2E00744A06 /* RecordView */ = {
			isa = PBXGroup;
			children = (
				835F86752B08BD3900744A06 /* RecordView.swift */,
				835F86772B08C13900744A06 /* RecordStatusView.swift */,
				835F867A2B08C16700744A06 /* RecordButtonView.swift */,
			);
			path = RecordView;
			sourceTree = "<group>";
		};
		835F867C2B08C3C200744A06 /* AudioListView */ = {
			isa = PBXGroup;
			children = (
				8328D0CC2B0A215C0076009A /* AudioListView.swift */,
				CF5FBEA72B1DA9DC00B501A6 /* AudioDetailView.swift */,
				8328D0D12B0A25A60076009A /* AudioListRow.swift */,
				CF5FBEA92B1DADB600B501A6 /* AudioProgressbar.swift */,
				CF5FBEAB2B1DDDCB00B501A6 /* AudioButton.swift */,
			);
			path = AudioListView;
			sourceTree = "<group>";
		};
		835F867F2B08C43300744A06 /* Model */ = {
			isa = PBXGroup;
			children = (
				835F86802B08C4A200744A06 /* Audio.swift */,
				CFE814BB2B21B20A0064041A /* Script.swift */,
				CFE814BD2B21B2140064041A /* Summary.swift */,
			);
			path = Model;
			sourceTree = "<group>";
		};
		835F86822B0A0FA700744A06 /* Frameworks */ = {
			isa = PBXGroup;
			children = (
				835F86832B0A0FA700744A06 /* PWRecordKit.xcframework */,
			);
			name = Frameworks;
			sourceTree = "<group>";
		};
		835F86872B0A0FC200744A06 /* ViewModel */ = {
			isa = PBXGroup;
			children = (
				835F868B2B0A132D00744A06 /* RecordViewModel */,
				8328D0D32B0A269A0076009A /* AudioListViewModel */,
				CFE814B72B21B1040064041A /* ScriptListViewModel */,
				CFE814B82B21B11B0064041A /* SummaryListViewModel */,
			);
			path = ViewModel;
			sourceTree = "<group>";
		};
		835F868B2B0A132D00744A06 /* RecordViewModel */ = {
			isa = PBXGroup;
			children = (
				835F868C2B0A171E00744A06 /* RecordViewModel.swift */,
			);
			path = RecordViewModel;
			sourceTree = "<group>";
		};
		83E05D3C2ACEDD1E00B60A98 = {
			isa = PBXGroup;
			children = (
				83E05D472ACEDD1E00B60A98 /* Transcord */,
				83E05D582ACEDD1E00B60A98 /* TranscordTests */,
				83E05D622ACEDD1F00B60A98 /* TranscordUITests */,
				83E05D462ACEDD1E00B60A98 /* Products */,
				835F86822B0A0FA700744A06 /* Frameworks */,
			);
			sourceTree = "<group>";
		};
		83E05D462ACEDD1E00B60A98 /* Products */ = {
			isa = PBXGroup;
			children = (
				83E05D452ACEDD1E00B60A98 /* Transcord.app */,
				83E05D552ACEDD1E00B60A98 /* TranscordTests.xctest */,
				83E05D5F2ACEDD1F00B60A98 /* TranscordUITests.xctest */,
			);
			name = Products;
			sourceTree = "<group>";
		};
		83E05D472ACEDD1E00B60A98 /* Transcord */ = {
			isa = PBXGroup;
			children = (
				8328D0D62B0A30BB0076009A /* Utils */,
				835F86872B0A0FC200744A06 /* ViewModel */,
				835F867F2B08C43300744A06 /* Model */,
				835F86732B08BD2A00744A06 /* View */,
				83E05D482ACEDD1E00B60A98 /* TranscordApp.swift */,
				83E05D4C2ACEDD1E00B60A98 /* Assets.xcassets */,
				83E05D4E2ACEDD1E00B60A98 /* Preview Content */,
			);
			path = Transcord;
			sourceTree = "<group>";
		};
		83E05D4E2ACEDD1E00B60A98 /* Preview Content */ = {
			isa = PBXGroup;
			children = (
				8328D0CE2B0A216E0076009A /* Mocks */,
				83E05D4F2ACEDD1E00B60A98 /* Preview Assets.xcassets */,
			);
			path = "Preview Content";
			sourceTree = "<group>";
		};
		83E05D582ACEDD1E00B60A98 /* TranscordTests */ = {
			isa = PBXGroup;
			children = (
				83E05D592ACEDD1E00B60A98 /* TranscordTests.swift */,
			);
			path = TranscordTests;
			sourceTree = "<group>";
		};
		83E05D622ACEDD1F00B60A98 /* TranscordUITests */ = {
			isa = PBXGroup;
			children = (
				83E05D632ACEDD1F00B60A98 /* TranscordUITests.swift */,
				83E05D652ACEDD1F00B60A98 /* TranscordUITestsLaunchTests.swift */,
			);
			path = TranscordUITests;
			sourceTree = "<group>";
		};
		CFE814A92B21AEAF0064041A /* ScriptListView */ = {
			isa = PBXGroup;
			children = (
				CFE814AA2B21AEE90064041A /* ScriptListView.swift */,
				CFE814B12B21B0650064041A /* ScriptListRow.swift */,
				CFE814AF2B21B01E0064041A /* ScriptDetailView.swift */,
			);
			path = ScriptListView;
			sourceTree = "<group>";
		};
		CFE814AC2B21AF4B0064041A /* SummaryListView */ = {
			isa = PBXGroup;
			children = (
				CFE814AD2B21AF700064041A /* SummaryListView.swift */,
				CFE814B32B21B08A0064041A /* SummaryListRow.swift */,
				CFE814B52B21B09F0064041A /* SummaryDetailView.swift */,
			);
			path = SummaryListView;
			sourceTree = "<group>";
		};
		CFE814B72B21B1040064041A /* ScriptListViewModel */ = {
			isa = PBXGroup;
			children = (
				CFE814B92B21B16D0064041A /* ScriptListViewModel.swift */,
			);
			path = ScriptListViewModel;
			sourceTree = "<group>";
		};
		CFE814B82B21B11B0064041A /* SummaryListViewModel */ = {
			isa = PBXGroup;
			children = (
				CFE814BF2B21B2670064041A /* SummaryListViewModel.swift */,
			);
			path = SummaryListViewModel;
			sourceTree = "<group>";
		};
/* End PBXGroup section */

/* Begin PBXNativeTarget section */
		83E05D442ACEDD1E00B60A98 /* Transcord */ = {
			isa = PBXNativeTarget;
			buildConfigurationList = 83E05D692ACEDD1F00B60A98 /* Build configuration list for PBXNativeTarget "Transcord" */;
			buildPhases = (
				83E05D412ACEDD1E00B60A98 /* Sources */,
				83E05D422ACEDD1E00B60A98 /* Frameworks */,
				83E05D432ACEDD1E00B60A98 /* Resources */,
				835F868A2B0A12C100744A06 /* Embed Frameworks */,
			);
			buildRules = (
			);
			dependencies = (
			);
			name = Transcord;
			productName = Transcord;
			productReference = 83E05D452ACEDD1E00B60A98 /* Transcord.app */;
			productType = "com.apple.product-type.application";
		};
		83E05D542ACEDD1E00B60A98 /* TranscordTests */ = {
			isa = PBXNativeTarget;
			buildConfigurationList = 83E05D6C2ACEDD1F00B60A98 /* Build configuration list for PBXNativeTarget "TranscordTests" */;
			buildPhases = (
				83E05D512ACEDD1E00B60A98 /* Sources */,
				83E05D522ACEDD1E00B60A98 /* Frameworks */,
				83E05D532ACEDD1E00B60A98 /* Resources */,
			);
			buildRules = (
			);
			dependencies = (
				83E05D572ACEDD1E00B60A98 /* PBXTargetDependency */,
			);
			name = TranscordTests;
			productName = TranscordTests;
			productReference = 83E05D552ACEDD1E00B60A98 /* TranscordTests.xctest */;
			productType = "com.apple.product-type.bundle.unit-test";
		};
		83E05D5E2ACEDD1F00B60A98 /* TranscordUITests */ = {
			isa = PBXNativeTarget;
			buildConfigurationList = 83E05D6F2ACEDD1F00B60A98 /* Build configuration list for PBXNativeTarget "TranscordUITests" */;
			buildPhases = (
				83E05D5B2ACEDD1F00B60A98 /* Sources */,
				83E05D5C2ACEDD1F00B60A98 /* Frameworks */,
				83E05D5D2ACEDD1F00B60A98 /* Resources */,
			);
			buildRules = (
			);
			dependencies = (
				83E05D612ACEDD1F00B60A98 /* PBXTargetDependency */,
			);
			name = TranscordUITests;
			productName = TranscordUITests;
			productReference = 83E05D5F2ACEDD1F00B60A98 /* TranscordUITests.xctest */;
			productType = "com.apple.product-type.bundle.ui-testing";
		};
/* End PBXNativeTarget section */

/* Begin PBXProject section */
		83E05D3D2ACEDD1E00B60A98 /* Project object */ = {
			isa = PBXProject;
			attributes = {
				BuildIndependentTargetsInParallel = 1;
				LastSwiftUpdateCheck = 1430;
				LastUpgradeCheck = 1500;
				TargetAttributes = {
					83E05D442ACEDD1E00B60A98 = {
						CreatedOnToolsVersion = 14.3.1;
					};
					83E05D542ACEDD1E00B60A98 = {
						CreatedOnToolsVersion = 14.3.1;
						TestTargetID = 83E05D442ACEDD1E00B60A98;
					};
					83E05D5E2ACEDD1F00B60A98 = {
						CreatedOnToolsVersion = 14.3.1;
						TestTargetID = 83E05D442ACEDD1E00B60A98;
					};
				};
			};
			buildConfigurationList = 83E05D402ACEDD1E00B60A98 /* Build configuration list for PBXProject "Transcord" */;
			compatibilityVersion = "Xcode 14.0";
			developmentRegion = en;
			hasScannedForEncodings = 0;
			knownRegions = (
				en,
				Base,
			);
			mainGroup = 83E05D3C2ACEDD1E00B60A98;
			productRefGroup = 83E05D462ACEDD1E00B60A98 /* Products */;
			projectDirPath = "";
			projectRoot = "";
			targets = (
				83E05D442ACEDD1E00B60A98 /* Transcord */,
				83E05D542ACEDD1E00B60A98 /* TranscordTests */,
				83E05D5E2ACEDD1F00B60A98 /* TranscordUITests */,
			);
		};
/* End PBXProject section */

/* Begin PBXResourcesBuildPhase section */
		83E05D432ACEDD1E00B60A98 /* Resources */ = {
			isa = PBXResourcesBuildPhase;
			buildActionMask = 2147483647;
			files = (
				83E05D502ACEDD1E00B60A98 /* Preview Assets.xcassets in Resources */,
				83E05D4D2ACEDD1E00B60A98 /* Assets.xcassets in Resources */,
			);
			runOnlyForDeploymentPostprocessing = 0;
		};
		83E05D532ACEDD1E00B60A98 /* Resources */ = {
			isa = PBXResourcesBuildPhase;
			buildActionMask = 2147483647;
			files = (
			);
			runOnlyForDeploymentPostprocessing = 0;
		};
		83E05D5D2ACEDD1F00B60A98 /* Resources */ = {
			isa = PBXResourcesBuildPhase;
			buildActionMask = 2147483647;
			files = (
			);
			runOnlyForDeploymentPostprocessing = 0;
		};
/* End PBXResourcesBuildPhase section */

/* Begin PBXSourcesBuildPhase section */
		83E05D412ACEDD1E00B60A98 /* Sources */ = {
			isa = PBXSourcesBuildPhase;
			buildActionMask = 2147483647;
			files = (
				CFE814AB2B21AEE90064041A /* ScriptListView.swift in Sources */,
				83E05D4B2ACEDD1E00B60A98 /* ContentView.swift in Sources */,
				CFE814B62B21B09F0064041A /* SummaryDetailView.swift in Sources */,
				835F86912B0A1FBD00744A06 /* RecordViewModelMock.swift in Sources */,
				CFE814BC2B21B20A0064041A /* Script.swift in Sources */,
				CFE814C42B21B3660064041A /* SummaryListViewModelMock.swift in Sources */,
				CFE814B22B21B0650064041A /* ScriptListRow.swift in Sources */,
				8328D0D82B0A30C80076009A /* DateFormatter+.swift in Sources */,
				835F868D2B0A171E00744A06 /* RecordViewModel.swift in Sources */,
				835F86762B08BD3900744A06 /* RecordView.swift in Sources */,
				CFE814B42B21B08A0064041A /* SummaryListRow.swift in Sources */,
				8328D0D22B0A25A60076009A /* AudioListRow.swift in Sources */,
				8328D0D52B0A26A80076009A /* AudioListViewModel.swift in Sources */,
				CFE814B02B21B01E0064041A /* ScriptDetailView.swift in Sources */,
				83E05D492ACEDD1E00B60A98 /* TranscordApp.swift in Sources */,
				CF5FBEA82B1DA9DC00B501A6 /* AudioDetailView.swift in Sources */,
				835F86782B08C13900744A06 /* RecordStatusView.swift in Sources */,
				CFE814BE2B21B2140064041A /* Summary.swift in Sources */,
				CF5FBEAC2B1DDDCB00B501A6 /* AudioButton.swift in Sources */,
				8328D0CD2B0A215C0076009A /* AudioListView.swift in Sources */,
				8328D0D02B0A217E0076009A /* AudioListViewModelMock.swift in Sources */,
				835F867B2B08C16700744A06 /* RecordButtonView.swift in Sources */,
				835F86812B08C4A200744A06 /* Audio.swift in Sources */,
				CF5FBEAA2B1DADB600B501A6 /* AudioProgressbar.swift in Sources */,
				CFE814C02B21B2670064041A /* SummaryListViewModel.swift in Sources */,
				CFE814AE2B21AF700064041A /* SummaryListView.swift in Sources */,
				CFE814C22B21B35B0064041A /* ScriptListViewModelMock.swift in Sources */,
				CFE814BA2B21B16D0064041A /* ScriptListViewModel.swift in Sources */,
			);
			runOnlyForDeploymentPostprocessing = 0;
		};
		83E05D512ACEDD1E00B60A98 /* Sources */ = {
			isa = PBXSourcesBuildPhase;
			buildActionMask = 2147483647;
			files = (
				83E05D5A2ACEDD1E00B60A98 /* TranscordTests.swift in Sources */,
			);
			runOnlyForDeploymentPostprocessing = 0;
		};
		83E05D5B2ACEDD1F00B60A98 /* Sources */ = {
			isa = PBXSourcesBuildPhase;
			buildActionMask = 2147483647;
			files = (
				83E05D642ACEDD1F00B60A98 /* TranscordUITests.swift in Sources */,
				83E05D662ACEDD1F00B60A98 /* TranscordUITestsLaunchTests.swift in Sources */,
			);
			runOnlyForDeploymentPostprocessing = 0;
		};
/* End PBXSourcesBuildPhase section */

/* Begin PBXTargetDependency section */
		83E05D572ACEDD1E00B60A98 /* PBXTargetDependency */ = {
			isa = PBXTargetDependency;
			target = 83E05D442ACEDD1E00B60A98 /* Transcord */;
			targetProxy = 83E05D562ACEDD1E00B60A98 /* PBXContainerItemProxy */;
		};
		83E05D612ACEDD1F00B60A98 /* PBXTargetDependency */ = {
			isa = PBXTargetDependency;
			target = 83E05D442ACEDD1E00B60A98 /* Transcord */;
			targetProxy = 83E05D602ACEDD1F00B60A98 /* PBXContainerItemProxy */;
		};
/* End PBXTargetDependency section */

/* Begin XCBuildConfiguration section */
		83E05D672ACEDD1F00B60A98 /* Debug */ = {
			isa = XCBuildConfiguration;
			buildSettings = {
				ALWAYS_SEARCH_USER_PATHS = NO;
				CLANG_ANALYZER_NONNULL = YES;
				CLANG_ANALYZER_NUMBER_OBJECT_CONVERSION = YES_AGGRESSIVE;
				CLANG_CXX_LANGUAGE_STANDARD = "gnu++20";
				CLANG_ENABLE_MODULES = YES;
				CLANG_ENABLE_OBJC_ARC = YES;
				CLANG_ENABLE_OBJC_WEAK = YES;
				CLANG_WARN_BLOCK_CAPTURE_AUTORELEASING = YES;
				CLANG_WARN_BOOL_CONVERSION = YES;
				CLANG_WARN_COMMA = YES;
				CLANG_WARN_CONSTANT_CONVERSION = YES;
				CLANG_WARN_DEPRECATED_OBJC_IMPLEMENTATIONS = YES;
				CLANG_WARN_DIRECT_OBJC_ISA_USAGE = YES_ERROR;
				CLANG_WARN_DOCUMENTATION_COMMENTS = YES;
				CLANG_WARN_EMPTY_BODY = YES;
				CLANG_WARN_ENUM_CONVERSION = YES;
				CLANG_WARN_INFINITE_RECURSION = YES;
				CLANG_WARN_INT_CONVERSION = YES;
				CLANG_WARN_NON_LITERAL_NULL_CONVERSION = YES;
				CLANG_WARN_OBJC_IMPLICIT_RETAIN_SELF = YES;
				CLANG_WARN_OBJC_LITERAL_CONVERSION = YES;
				CLANG_WARN_OBJC_ROOT_CLASS = YES_ERROR;
				CLANG_WARN_QUOTED_INCLUDE_IN_FRAMEWORK_HEADER = YES;
				CLANG_WARN_RANGE_LOOP_ANALYSIS = YES;
				CLANG_WARN_STRICT_PROTOTYPES = YES;
				CLANG_WARN_SUSPICIOUS_MOVE = YES;
				CLANG_WARN_UNGUARDED_AVAILABILITY = YES_AGGRESSIVE;
				CLANG_WARN_UNREACHABLE_CODE = YES;
				CLANG_WARN__DUPLICATE_METHOD_MATCH = YES;
				COPY_PHASE_STRIP = NO;
				DEBUG_INFORMATION_FORMAT = dwarf;
				ENABLE_STRICT_OBJC_MSGSEND = YES;
				ENABLE_TESTABILITY = YES;
				ENABLE_USER_SCRIPT_SANDBOXING = YES;
				GCC_C_LANGUAGE_STANDARD = gnu11;
				GCC_DYNAMIC_NO_PIC = NO;
				GCC_NO_COMMON_BLOCKS = YES;
				GCC_OPTIMIZATION_LEVEL = 0;
				GCC_PREPROCESSOR_DEFINITIONS = (
					"DEBUG=1",
					"$(inherited)",
				);
				GCC_WARN_64_TO_32_BIT_CONVERSION = YES;
				GCC_WARN_ABOUT_RETURN_TYPE = YES_ERROR;
				GCC_WARN_UNDECLARED_SELECTOR = YES;
				GCC_WARN_UNINITIALIZED_AUTOS = YES_AGGRESSIVE;
				GCC_WARN_UNUSED_FUNCTION = YES;
				GCC_WARN_UNUSED_VARIABLE = YES;
				IPHONEOS_DEPLOYMENT_TARGET = 17.0;
				MTL_ENABLE_DEBUG_INFO = INCLUDE_SOURCE;
				MTL_FAST_MATH = YES;
				ONLY_ACTIVE_ARCH = YES;
				SDKROOT = iphoneos;
				SWIFT_ACTIVE_COMPILATION_CONDITIONS = DEBUG;
				SWIFT_OPTIMIZATION_LEVEL = "-Onone";
			};
			name = Debug;
		};
		83E05D682ACEDD1F00B60A98 /* Release */ = {
			isa = XCBuildConfiguration;
			buildSettings = {
				ALWAYS_SEARCH_USER_PATHS = NO;
				CLANG_ANALYZER_NONNULL = YES;
				CLANG_ANALYZER_NUMBER_OBJECT_CONVERSION = YES_AGGRESSIVE;
				CLANG_CXX_LANGUAGE_STANDARD = "gnu++20";
				CLANG_ENABLE_MODULES = YES;
				CLANG_ENABLE_OBJC_ARC = YES;
				CLANG_ENABLE_OBJC_WEAK = YES;
				CLANG_WARN_BLOCK_CAPTURE_AUTORELEASING = YES;
				CLANG_WARN_BOOL_CONVERSION = YES;
				CLANG_WARN_COMMA = YES;
				CLANG_WARN_CONSTANT_CONVERSION = YES;
				CLANG_WARN_DEPRECATED_OBJC_IMPLEMENTATIONS = YES;
				CLANG_WARN_DIRECT_OBJC_ISA_USAGE = YES_ERROR;
				CLANG_WARN_DOCUMENTATION_COMMENTS = YES;
				CLANG_WARN_EMPTY_BODY = YES;
				CLANG_WARN_ENUM_CONVERSION = YES;
				CLANG_WARN_INFINITE_RECURSION = YES;
				CLANG_WARN_INT_CONVERSION = YES;
				CLANG_WARN_NON_LITERAL_NULL_CONVERSION = YES;
				CLANG_WARN_OBJC_IMPLICIT_RETAIN_SELF = YES;
				CLANG_WARN_OBJC_LITERAL_CONVERSION = YES;
				CLANG_WARN_OBJC_ROOT_CLASS = YES_ERROR;
				CLANG_WARN_QUOTED_INCLUDE_IN_FRAMEWORK_HEADER = YES;
				CLANG_WARN_RANGE_LOOP_ANALYSIS = YES;
				CLANG_WARN_STRICT_PROTOTYPES = YES;
				CLANG_WARN_SUSPICIOUS_MOVE = YES;
				CLANG_WARN_UNGUARDED_AVAILABILITY = YES_AGGRESSIVE;
				CLANG_WARN_UNREACHABLE_CODE = YES;
				CLANG_WARN__DUPLICATE_METHOD_MATCH = YES;
				COPY_PHASE_STRIP = NO;
				DEBUG_INFORMATION_FORMAT = "dwarf-with-dsym";
				ENABLE_NS_ASSERTIONS = NO;
				ENABLE_STRICT_OBJC_MSGSEND = YES;
				ENABLE_USER_SCRIPT_SANDBOXING = YES;
				GCC_C_LANGUAGE_STANDARD = gnu11;
				GCC_NO_COMMON_BLOCKS = YES;
				GCC_WARN_64_TO_32_BIT_CONVERSION = YES;
				GCC_WARN_ABOUT_RETURN_TYPE = YES_ERROR;
				GCC_WARN_UNDECLARED_SELECTOR = YES;
				GCC_WARN_UNINITIALIZED_AUTOS = YES_AGGRESSIVE;
				GCC_WARN_UNUSED_FUNCTION = YES;
				GCC_WARN_UNUSED_VARIABLE = YES;
				IPHONEOS_DEPLOYMENT_TARGET = 17.0;
				MTL_ENABLE_DEBUG_INFO = NO;
				MTL_FAST_MATH = YES;
				SDKROOT = iphoneos;
				SWIFT_COMPILATION_MODE = wholemodule;
				SWIFT_OPTIMIZATION_LEVEL = "-O";
				VALIDATE_PRODUCT = YES;
			};
			name = Release;
		};
		83E05D6A2ACEDD1F00B60A98 /* Debug */ = {
			isa = XCBuildConfiguration;
			buildSettings = {
				ASSETCATALOG_COMPILER_APPICON_NAME = AppIcon;
				ASSETCATALOG_COMPILER_GLOBAL_ACCENT_COLOR_NAME = AccentColor;
				"CODE_SIGN_IDENTITY[sdk=iphoneos*]" = "iPhone Developer";
				CODE_SIGN_STYLE = Manual;
				CURRENT_PROJECT_VERSION = 1;
				DEVELOPMENT_ASSET_PATHS = "\"Transcord/Preview Content\"";
				DEVELOPMENT_TEAM = "";
				"DEVELOPMENT_TEAM[sdk=iphoneos*]" = ERT3ZH7BA7;
				ENABLE_PREVIEWS = YES;
				GENERATE_INFOPLIST_FILE = YES;
				INFOPLIST_KEY_NSMicrophoneUsageDescription = "We need access to your microphone.\nThe microphone is used to record voice memos\nand enable audio features.\nWould you like to allow microphone access?";
				INFOPLIST_KEY_UIApplicationSceneManifest_Generation = YES;
				INFOPLIST_KEY_UIApplicationSupportsIndirectInputEvents = YES;
				INFOPLIST_KEY_UILaunchScreen_Generation = YES;
				INFOPLIST_KEY_UISupportedInterfaceOrientations_iPad = "UIInterfaceOrientationPortrait UIInterfaceOrientationPortraitUpsideDown UIInterfaceOrientationLandscapeLeft UIInterfaceOrientationLandscapeRight";
				INFOPLIST_KEY_UISupportedInterfaceOrientations_iPhone = "UIInterfaceOrientationPortrait UIInterfaceOrientationLandscapeLeft UIInterfaceOrientationLandscapeRight";
				INFOPLIST_KEY_UIUserInterfaceStyle = Light;
				IPHONEOS_DEPLOYMENT_TARGET = 17.0;
				LD_RUNPATH_SEARCH_PATHS = (
					"$(inherited)",
					"@executable_path/Frameworks",
				);
				MARKETING_VERSION = 0.1.1;
				PRODUCT_BUNDLE_IDENTIFIER = com.polywinterdisign.Transcord;
				PRODUCT_NAME = "$(TARGET_NAME)";
				PROVISIONING_PROFILE_SPECIFIER = "";
				"PROVISIONING_PROFILE_SPECIFIER[sdk=iphoneos*]" = Capstone2023;
				SWIFT_EMIT_LOC_STRINGS = YES;
				SWIFT_VERSION = 5.0;
				TARGETED_DEVICE_FAMILY = "1,2";
			};
			name = Debug;
		};
		83E05D6B2ACEDD1F00B60A98 /* Release */ = {
			isa = XCBuildConfiguration;
			buildSettings = {
				ASSETCATALOG_COMPILER_APPICON_NAME = AppIcon;
				ASSETCATALOG_COMPILER_GLOBAL_ACCENT_COLOR_NAME = AccentColor;
				"CODE_SIGN_IDENTITY[sdk=iphoneos*]" = "iPhone Distribution";
				CODE_SIGN_STYLE = Manual;
				CURRENT_PROJECT_VERSION = 1;
				DEVELOPMENT_ASSET_PATHS = "\"Transcord/Preview Content\"";
				DEVELOPMENT_TEAM = "";
				"DEVELOPMENT_TEAM[sdk=iphoneos*]" = ERT3ZH7BA7;
				ENABLE_PREVIEWS = YES;
				GENERATE_INFOPLIST_FILE = YES;
				INFOPLIST_KEY_NSMicrophoneUsageDescription = "We need access to your microphone.\nThe microphone is used to record voice memos\nand enable audio features.\nWould you like to allow microphone access?";
				INFOPLIST_KEY_UIApplicationSceneManifest_Generation = YES;
				INFOPLIST_KEY_UIApplicationSupportsIndirectInputEvents = YES;
				INFOPLIST_KEY_UILaunchScreen_Generation = YES;
				INFOPLIST_KEY_UISupportedInterfaceOrientations_iPad = "UIInterfaceOrientationPortrait UIInterfaceOrientationPortraitUpsideDown UIInterfaceOrientationLandscapeLeft UIInterfaceOrientationLandscapeRight";
				INFOPLIST_KEY_UISupportedInterfaceOrientations_iPhone = "UIInterfaceOrientationPortrait UIInterfaceOrientationLandscapeLeft UIInterfaceOrientationLandscapeRight";
				INFOPLIST_KEY_UIUserInterfaceStyle = Light;
				IPHONEOS_DEPLOYMENT_TARGET = 17.0;
				LD_RUNPATH_SEARCH_PATHS = (
					"$(inherited)",
					"@executable_path/Frameworks",
				);
				MARKETING_VERSION = 0.1.1;
				PRODUCT_BUNDLE_IDENTIFIER = com.polywinterdisign.Transcord;
				PRODUCT_NAME = "$(TARGET_NAME)";
				PROVISIONING_PROFILE_SPECIFIER = "";
				"PROVISIONING_PROFILE_SPECIFIER[sdk=iphoneos*]" = "Capstone2023-Distribution";
				SWIFT_EMIT_LOC_STRINGS = YES;
				SWIFT_VERSION = 5.0;
				TARGETED_DEVICE_FAMILY = "1,2";
			};
			name = Release;
		};
		83E05D6D2ACEDD1F00B60A98 /* Debug */ = {
			isa = XCBuildConfiguration;
			buildSettings = {
				ALWAYS_EMBED_SWIFT_STANDARD_LIBRARIES = YES;
				BUNDLE_LOADER = "$(TEST_HOST)";
				CODE_SIGN_STYLE = Automatic;
				CURRENT_PROJECT_VERSION = 1;
				DEVELOPMENT_TEAM = ERT3ZH7BA7;
				GENERATE_INFOPLIST_FILE = YES;
				IPHONEOS_DEPLOYMENT_TARGET = 16.4;
				MARKETING_VERSION = 1.0;
				PRODUCT_BUNDLE_IDENTIFIER = com.polywinterdisign.TranscordTests;
				PRODUCT_NAME = "$(TARGET_NAME)";
				SWIFT_EMIT_LOC_STRINGS = NO;
				SWIFT_VERSION = 5.0;
				TARGETED_DEVICE_FAMILY = "1,2";
				TEST_HOST = "$(BUILT_PRODUCTS_DIR)/Transcord.app/$(BUNDLE_EXECUTABLE_FOLDER_PATH)/Transcord";
			};
			name = Debug;
		};
		83E05D6E2ACEDD1F00B60A98 /* Release */ = {
			isa = XCBuildConfiguration;
			buildSettings = {
				ALWAYS_EMBED_SWIFT_STANDARD_LIBRARIES = YES;
				BUNDLE_LOADER = "$(TEST_HOST)";
				CODE_SIGN_STYLE = Automatic;
				CURRENT_PROJECT_VERSION = 1;
				DEVELOPMENT_TEAM = ERT3ZH7BA7;
				GENERATE_INFOPLIST_FILE = YES;
				IPHONEOS_DEPLOYMENT_TARGET = 16.4;
				MARKETING_VERSION = 1.0;
				PRODUCT_BUNDLE_IDENTIFIER = com.polywinterdisign.TranscordTests;
				PRODUCT_NAME = "$(TARGET_NAME)";
				SWIFT_EMIT_LOC_STRINGS = NO;
				SWIFT_VERSION = 5.0;
				TARGETED_DEVICE_FAMILY = "1,2";
				TEST_HOST = "$(BUILT_PRODUCTS_DIR)/Transcord.app/$(BUNDLE_EXECUTABLE_FOLDER_PATH)/Transcord";
			};
			name = Release;
		};
		83E05D702ACEDD1F00B60A98 /* Debug */ = {
			isa = XCBuildConfiguration;
			buildSettings = {
				ALWAYS_EMBED_SWIFT_STANDARD_LIBRARIES = YES;
				CODE_SIGN_STYLE = Automatic;
				CURRENT_PROJECT_VERSION = 1;
				DEVELOPMENT_TEAM = ERT3ZH7BA7;
				GENERATE_INFOPLIST_FILE = YES;
				MARKETING_VERSION = 1.0;
				PRODUCT_BUNDLE_IDENTIFIER = com.polywinterdisign.TranscordUITests;
				PRODUCT_NAME = "$(TARGET_NAME)";
				SWIFT_EMIT_LOC_STRINGS = NO;
				SWIFT_VERSION = 5.0;
				TARGETED_DEVICE_FAMILY = "1,2";
				TEST_TARGET_NAME = Transcord;
			};
			name = Debug;
		};
		83E05D712ACEDD1F00B60A98 /* Release */ = {
			isa = XCBuildConfiguration;
			buildSettings = {
				ALWAYS_EMBED_SWIFT_STANDARD_LIBRARIES = YES;
				CODE_SIGN_STYLE = Automatic;
				CURRENT_PROJECT_VERSION = 1;
				DEVELOPMENT_TEAM = ERT3ZH7BA7;
				GENERATE_INFOPLIST_FILE = YES;
				MARKETING_VERSION = 1.0;
				PRODUCT_BUNDLE_IDENTIFIER = com.polywinterdisign.TranscordUITests;
				PRODUCT_NAME = "$(TARGET_NAME)";
				SWIFT_EMIT_LOC_STRINGS = NO;
				SWIFT_VERSION = 5.0;
				TARGETED_DEVICE_FAMILY = "1,2";
				TEST_TARGET_NAME = Transcord;
			};
			name = Release;
		};
/* End XCBuildConfiguration section */

/* Begin XCConfigurationList section */
		83E05D402ACEDD1E00B60A98 /* Build configuration list for PBXProject "Transcord" */ = {
			isa = XCConfigurationList;
			buildConfigurations = (
				83E05D672ACEDD1F00B60A98 /* Debug */,
				83E05D682ACEDD1F00B60A98 /* Release */,
			);
			defaultConfigurationIsVisible = 0;
			defaultConfigurationName = Release;
		};
		83E05D692ACEDD1F00B60A98 /* Build configuration list for PBXNativeTarget "Transcord" */ = {
			isa = XCConfigurationList;
			buildConfigurations = (
				83E05D6A2ACEDD1F00B60A98 /* Debug */,
				83E05D6B2ACEDD1F00B60A98 /* Release */,
			);
			defaultConfigurationIsVisible = 0;
			defaultConfigurationName = Release;
		};
		83E05D6C2ACEDD1F00B60A98 /* Build configuration list for PBXNativeTarget "TranscordTests" */ = {
			isa = XCConfigurationList;
			buildConfigurations = (
				83E05D6D2ACEDD1F00B60A98 /* Debug */,
				83E05D6E2ACEDD1F00B60A98 /* Release */,
			);
			defaultConfigurationIsVisible = 0;
			defaultConfigurationName = Release;
		};
		83E05D6F2ACEDD1F00B60A98 /* Build configuration list for PBXNativeTarget "TranscordUITests" */ = {
			isa = XCConfigurationList;
			buildConfigurations = (
				83E05D702ACEDD1F00B60A98 /* Debug */,
				83E05D712ACEDD1F00B60A98 /* Release */,
			);
			defaultConfigurationIsVisible = 0;
			defaultConfigurationName = Release;
		};
/* End XCConfigurationList section */
	};
	rootObject = 83E05D3D2ACEDD1E00B60A98 /* Project object */;
}
